
Microsoft Visual Studio Solution File, Format Version 12.00
# Visual Studio Version 16
VisualStudioVersion = 16.0.30204.135
MinimumVisualStudioVersion = 10.0.40219.1
Project("{FAE04EC0-301F-11D3-BF4B-00C04F79EFBC}") = "VolumeProxy", "VolumeProxy\VolumeProxy.csproj", "{D49A6736-4080-4F49-9C5B-F3810392D878}"
EndProject
Global
	GlobalSection(SolutionConfigurationPlatforms) = preSolution
		Debug|Any CPU = Debug|Any CPU
		Release|Any CPU = Release|Any CPU
	EndGlobalSection
	GlobalSection(ProjectConfigurationPlatforms) = postSolution
		{D49A6736-4080-4F49-9C5B-F3810392D878}.Debug|Any CPU.ActiveCfg = Debug|Any CPU
		{D49A6736-4080-4F49-9C5B-F3810392D878}.Debug|Any CPU.Build.0 = Debug|Any CPU
		{D49A6736-4080-4F49-9C5B-F3810392D878}.Release|Any CPU.ActiveCfg = Release|Any CPU
		{D49A6736-4080-4F49-9C5B-F3810392D878}.Release|Any CPU.Build.0 = Release|Any CPU
	EndGlobalSection
	GlobalSection(SolutionProperties) = preSolution
		HideSolutionNode = FALSE
	EndGlobalSection
	GlobalSection(ExtensibilityGlobals) = postSolution
		SolutionGuid = {DC2A6C34-AAC9-4826-A173-3429D891B4AF}
	EndGlobalSection
EndGlobal
